
Microsoft Visual Studio Solution File, Format Version 12.00
# Visual Studio 2013
VisualStudioVersion = 12.0.30501.0
MinimumVisualStudioVersion = 10.0.40219.1
Project("{FAE04EC0-301F-11D3-BF4B-00C04F79EFBC}") = "Xbox 360 Guide Button Remapper", "Xbox 360 Guide Button Remapper\Xbox 360 Guide Button Remapper.csproj", "{1245CE62-A086-4F3E-B056-318B3FFB1F68}"
EndProject
Project("{FAE04EC0-301F-11D3-BF4B-00C04F79EFBC}") = "Gma.UserActivityMonitor", "Gma.UserActivityMonitor\Gma.UserActivityMonitor.csproj", "{F52AA97E-180A-40ED-8F2B-09080171D6C7}"
EndProject
Global
	GlobalSection(SolutionConfigurationPlatforms) = preSolution
		Debug|Any CPU = Debug|Any CPU
		Debug|x64 = Debug|x64
		Release|Any CPU = Release|Any CPU
		Release|x64 = Release|x64
	EndGlobalSection
	GlobalSection(ProjectConfigurationPlatforms) = postSolution
		{1245CE62-A086-4F3E-B056-318B3FFB1F68}.Debug|Any CPU.ActiveCfg = Debug|Any CPU
		{1245CE62-A086-4F3E-B056-318B3FFB1F68}.Debug|Any CPU.Build.0 = Debug|Any CPU
		{1245CE62-A086-4F3E-B056-318B3FFB1F68}.Debug|x64.ActiveCfg = Debug|Any CPU
		{1245CE62-A086-4F3E-B056-318B3FFB1F68}.Debug|x64.Build.0 = Debug|Any CPU
		{1245CE62-A086-4F3E-B056-318B3FFB1F68}.Release|Any CPU.ActiveCfg = Release|Any CPU
		{1245CE62-A086-4F3E-B056-318B3FFB1F68}.Release|Any CPU.Build.0 = Release|Any CPU
		{1245CE62-A086-4F3E-B056-318B3FFB1F68}.Release|x64.ActiveCfg = Release|x64
		{1245CE62-A086-4F3E-B056-318B3FFB1F68}.Release|x64.Build.0 = Release|x64
		{F52AA97E-180A-40ED-8F2B-09080171D6C7}.Debug|Any CPU.ActiveCfg = Debug|Any CPU
		{F52AA97E-180A-40ED-8F2B-09080171D6C7}.Debug|Any CPU.Build.0 = Debug|Any CPU
		{F52AA97E-180A-40ED-8F2B-09080171D6C7}.Debug|x64.ActiveCfg = Debug|Any CPU
		{F52AA97E-180A-40ED-8F2B-09080171D6C7}.Debug|x64.Build.0 = Debug|Any CPU
		{F52AA97E-180A-40ED-8F2B-09080171D6C7}.Release|Any CPU.ActiveCfg = Release|Any CPU
		{F52AA97E-180A-40ED-8F2B-09080171D6C7}.Release|Any CPU.Build.0 = Release|Any CPU
		{F52AA97E-180A-40ED-8F2B-09080171D6C7}.Release|x64.ActiveCfg = Release|Any CPU
	EndGlobalSection
	GlobalSection(SolutionProperties) = preSolution
		HideSolutionNode = FALSE
	EndGlobalSection
EndGlobal
